// !$*UTF8*$!
{
	archiveVersion = 1;
	classes = {
	};
	objectVersion = 56;
	objects = {

/* Begin PBXBuildFile section */
		FF834E2D29E64F420099ADF2 /* AppDelegate.swift in Sources */ = {isa = PBXBuildFile; fileRef = FF834E2C29E64F420099ADF2 /* AppDelegate.swift */; };
		FF834E3129E64F420099ADF2 /* ViewController.swift in Sources */ = {isa = PBXBuildFile; fileRef = FF834E3029E64F420099ADF2 /* ViewController.swift */; };
		FF834E3429E64F420099ADF2 /* Main.storyboard in Resources */ = {isa = PBXBuildFile; fileRef = FF834E3229E64F420099ADF2 /* Main.storyboard */; };
		FF834E3629E64F430099ADF2 /* Assets.xcassets in Resources */ = {isa = PBXBuildFile; fileRef = FF834E3529E64F430099ADF2 /* Assets.xcassets */; };
		FF834E3929E64F430099ADF2 /* LaunchScreen.storyboard in Resources */ = {isa = PBXBuildFile; fileRef = FF834E3729E64F430099ADF2 /* LaunchScreen.storyboard */; };
		FF83C57B29E805E700C06BC5 /* ReactionView.xib in Resources */ = {isa = PBXBuildFile; fileRef = FF83C57A29E805E700C06BC5 /* ReactionView.xib */; };
		FF83C57D29E805F800C06BC5 /* ReactionView.swift in Sources */ = {isa = PBXBuildFile; fileRef = FF83C57C29E805F800C06BC5 /* ReactionView.swift */; };
		FF83C58029E8142600C06BC5 /* MessageCell.swift in Sources */ = {isa = PBXBuildFile; fileRef = FF83C57E29E8142600C06BC5 /* MessageCell.swift */; };
		FF83C58129E8142600C06BC5 /* MessageCell.xib in Resources */ = {isa = PBXBuildFile; fileRef = FF83C57F29E8142600C06BC5 /* MessageCell.xib */; };
		FF83C58329EA65D200C06BC5 /* ActionView.swift in Sources */ = {isa = PBXBuildFile; fileRef = FF83C58229EA65D200C06BC5 /* ActionView.swift */; };
		FF83C58529EA65E000C06BC5 /* ActionView.xib in Resources */ = {isa = PBXBuildFile; fileRef = FF83C58429EA65E000C06BC5 /* ActionView.xib */; };
/* End PBXBuildFile section */

/* Begin PBXFileReference section */
		FF834E2929E64F420099ADF2 /* PeekPop.app */ = {isa = PBXFileReference; explicitFileType = wrapper.application; includeInIndex = 0; path = PeekPop.app; sourceTree = BUILT_PRODUCTS_DIR; };
		FF834E2C29E64F420099ADF2 /* AppDelegate.swift */ = {isa = PBXFileReference; lastKnownFileType = sourcecode.swift; path = AppDelegate.swift; sourceTree = "<group>"; };
		FF834E3029E64F420099ADF2 /* ViewController.swift */ = {isa = PBXFileReference; lastKnownFileType = sourcecode.swift; path = ViewController.swift; sourceTree = "<group>"; };
		FF834E3329E64F420099ADF2 /* Base */ = {isa = PBXFileReference; lastKnownFileType = file.storyboard; name = Base; path = Base.lproj/Main.storyboard; sourceTree = "<group>"; };
		FF834E3529E64F430099ADF2 /* Assets.xcassets */ = {isa = PBXFileReference; lastKnownFileType = folder.assetcatalog; path = Assets.xcassets; sourceTree = "<group>"; };
		FF834E3829E64F430099ADF2 /* Base */ = {isa = PBXFileReference; lastKnownFileType = file.storyboard; name = Base; path = Base.lproj/LaunchScreen.storyboard; sourceTree = "<group>"; };
		FF834E3A29E64F430099ADF2 /* Info.plist */ = {isa = PBXFileReference; lastKnownFileType = text.plist.xml; path = Info.plist; sourceTree = "<group>"; };
		FF83C57A29E805E700C06BC5 /* ReactionView.xib */ = {isa = PBXFileReference; lastKnownFileType = file.xib; path = ReactionView.xib; sourceTree = "<group>"; };
		FF83C57C29E805F800C06BC5 /* ReactionView.swift */ = {isa = PBXFileReference; lastKnownFileType = sourcecode.swift; path = ReactionView.swift; sourceTree = "<group>"; };
		FF83C57E29E8142600C06BC5 /* MessageCell.swift */ = {isa = PBXFileReference; lastKnownFileType = sourcecode.swift; path = MessageCell.swift; sourceTree = "<group>"; };
		FF83C57F29E8142600C06BC5 /* MessageCell.xib */ = {isa = PBXFileReference; lastKnownFileType = file.xib; path = MessageCell.xib; sourceTree = "<group>"; };
		FF83C58229EA65D200C06BC5 /* ActionView.swift */ = {isa = PBXFileReference; lastKnownFileType = sourcecode.swift; path = ActionView.swift; sourceTree = "<group>"; };
		FF83C58429EA65E000C06BC5 /* ActionView.xib */ = {isa = PBXFileReference; lastKnownFileType = file.xib; path = ActionView.xib; sourceTree = "<group>"; };
/* End PBXFileReference section */

/* Begin PBXFrameworksBuildPhase section */
		FF834E2629E64F420099ADF2 /* Frameworks */ = {
			isa = PBXFrameworksBuildPhase;
			buildActionMask = 2147483647;
			files = (
			);
			runOnlyForDeploymentPostprocessing = 0;
		};
/* End PBXFrameworksBuildPhase section */

/* Begin PBXGroup section */
		FF834E2029E64F420099ADF2 = {
			isa = PBXGroup;
			children = (
				FF834E2B29E64F420099ADF2 /* PeekPop */,
				FF834E2A29E64F420099ADF2 /* Products */,
			);
			sourceTree = "<group>";
		};
		FF834E2A29E64F420099ADF2 /* Products */ = {
			isa = PBXGroup;
			children = (
				FF834E2929E64F420099ADF2 /* PeekPop.app */,
			);
			name = Products;
			sourceTree = "<group>";
		};
		FF834E2B29E64F420099ADF2 /* PeekPop */ = {
			isa = PBXGroup;
			children = (
				FF83C57A29E805E700C06BC5 /* ReactionView.xib */,
				FF83C57C29E805F800C06BC5 /* ReactionView.swift */,
				FF834E2C29E64F420099ADF2 /* AppDelegate.swift */,
				FF834E3029E64F420099ADF2 /* ViewController.swift */,
				FF834E3229E64F420099ADF2 /* Main.storyboard */,
				FF834E3529E64F430099ADF2 /* Assets.xcassets */,
				FF834E3729E64F430099ADF2 /* LaunchScreen.storyboard */,
				FF834E3A29E64F430099ADF2 /* Info.plist */,
				FF83C57E29E8142600C06BC5 /* MessageCell.swift */,
				FF83C57F29E8142600C06BC5 /* MessageCell.xib */,
				FF83C58229EA65D200C06BC5 /* ActionView.swift */,
				FF83C58429EA65E000C06BC5 /* ActionView.xib */,
			);
			path = PeekPop;
			sourceTree = "<group>";
		};
/* End PBXGroup section */

/* Begin PBXNativeTarget section */
		FF834E2829E64F420099ADF2 /* PeekPop */ = {
			isa = PBXNativeTarget;
			buildConfigurationList = FF834E3D29E64F430099ADF2 /* Build configuration list for PBXNativeTarget "PeekPop" */;
			buildPhases = (
				FF834E2529E64F420099ADF2 /* Sources */,
				FF834E2629E64F420099ADF2 /* Frameworks */,
				FF834E2729E64F420099ADF2 /* Resources */,
			);
			buildRules = (
			);
			dependencies = (
			);
			name = PeekPop;
			productName = PeekPop;
			productReference = FF834E2929E64F420099ADF2 /* PeekPop.app */;
			productType = "com.apple.product-type.application";
		};
/* End PBXNativeTarget section */

/* Begin PBXProject section */
		FF834E2129E64F420099ADF2 /* Project object */ = {
			isa = PBXProject;
			attributes = {
				BuildIndependentTargetsInParallel = 1;
				LastSwiftUpdateCheck = 1420;
				LastUpgradeCheck = 1420;
				TargetAttributes = {
					FF834E2829E64F420099ADF2 = {
						CreatedOnToolsVersion = 14.2;
					};
				};
			};
			buildConfigurationList = FF834E2429E64F420099ADF2 /* Build configuration list for PBXProject "PeekPop" */;
			compatibilityVersion = "Xcode 14.0";
			developmentRegion = en;
			hasScannedForEncodings = 0;
			knownRegions = (
				en,
				Base,
			);
			mainGroup = FF834E2029E64F420099ADF2;
			productRefGroup = FF834E2A29E64F420099ADF2 /* Products */;
			projectDirPath = "";
			projectRoot = "";
			targets = (
				FF834E2829E64F420099ADF2 /* PeekPop */,
			);
		};
/* End PBXProject section */

/* Begin PBXResourcesBuildPhase section */
		FF834E2729E64F420099ADF2 /* Resources */ = {
			isa = PBXResourcesBuildPhase;
			buildActionMask = 2147483647;
			files = (
				FF83C58529EA65E000C06BC5 /* ActionView.xib in Resources */,
				FF83C58129E8142600C06BC5 /* MessageCell.xib in Resources */,
				FF834E3929E64F430099ADF2 /* LaunchScreen.storyboard in Resources */,
				FF834E3629E64F430099ADF2 /* Assets.xcassets in Resources */,
				FF83C57B29E805E700C06BC5 /* ReactionView.xib in Resources */,
				FF834E3429E64F420099ADF2 /* Main.storyboard in Resources */,
			);
			runOnlyForDeploymentPostprocessing = 0;
		};
/* End PBXResourcesBuildPhase section */

/* Begin PBXSourcesBuildPhase section */
		FF834E2529E64F420099ADF2 /* Sources */ = {
			isa = PBXSourcesBuildPhase;
			buildActionMask = 2147483647;
			files = (
				FF83C58329EA65D200C06BC5 /* ActionView.swift in Sources */,
				FF834E3129E64F420099ADF2 /* ViewController.swift in Sources */,
				FF83C58029E8142600C06BC5 /* MessageCell.swift in Sources */,
				FF83C57D29E805F800C06BC5 /* ReactionView.swift in Sources */,
				FF834E2D29E64F420099ADF2 /* AppDelegate.swift in Sources */,
			);
			runOnlyForDeploymentPostprocessing = 0;
		};
/* End PBXSourcesBuildPhase section */

/* Begin PBXVariantGroup section */
		FF834E3229E64F420099ADF2 /* Main.storyboard */ = {
			isa = PBXVariantGroup;
			children = (
				FF834E3329E64F420099ADF2 /* Base */,
			);
			name = Main.storyboard;
			sourceTree = "<group>";
		};
		FF834E3729E64F430099ADF2 /* LaunchScreen.storyboard */ = {
			isa = PBXVariantGroup;
			children = (
				FF834E3829E64F430099ADF2 /* Base */,
			);
			name = LaunchScreen.storyboard;
			sourceTree = "<group>";
		};
/* End PBXVariantGroup section */

/* Begin XCBuildConfiguration section */
		FF834E3B29E64F430099ADF2 /* Debug */ = {
			isa = XCBuildConfiguration;
			buildSettings = {
				ALWAYS_SEARCH_USER_PATHS = NO;
				CLANG_ANALYZER_NONNULL = YES;
				CLANG_ANALYZER_NUMBER_OBJECT_CONVERSION = YES_AGGRESSIVE;
				CLANG_CXX_LANGUAGE_STANDARD = "gnu++20";
				CLANG_ENABLE_MODULES = YES;
				CLANG_ENABLE_OBJC_ARC = YES;
				CLANG_ENABLE_OBJC_WEAK = YES;
				CLANG_WARN_BLOCK_CAPTURE_AUTORELEASING = YES;
				CLANG_WARN_BOOL_CONVERSION = YES;
				CLANG_WARN_COMMA = YES;
				CLANG_WARN_CONSTANT_CONVERSION = YES;
				CLANG_WARN_DEPRECATED_OBJC_IMPLEMENTATIONS = YES;
				CLANG_WARN_DIRECT_OBJC_ISA_USAGE = YES_ERROR;
				CLANG_WARN_DOCUMENTATION_COMMENTS = YES;
				CLANG_WARN_EMPTY_BODY = YES;
				CLANG_WARN_ENUM_CONVERSION = YES;
				CLANG_WARN_INFINITE_RECURSION = YES;
				CLANG_WARN_INT_CONVERSION = YES;
				CLANG_WARN_NON_LITERAL_NULL_CONVERSION = YES;
				CLANG_WARN_OBJC_IMPLICIT_RETAIN_SELF = YES;
				CLANG_WARN_OBJC_LITERAL_CONVERSION = YES;
				CLANG_WARN_OBJC_ROOT_CLASS = YES_ERROR;
				CLANG_WARN_QUOTED_INCLUDE_IN_FRAMEWORK_HEADER = YES;
				CLANG_WARN_RANGE_LOOP_ANALYSIS = YES;
				CLANG_WARN_STRICT_PROTOTYPES = YES;
				CLANG_WARN_SUSPICIOUS_MOVE = YES;
				CLANG_WARN_UNGUARDED_AVAILABILITY = YES_AGGRESSIVE;
				CLANG_WARN_UNREACHABLE_CODE = YES;
				CLANG_WARN__DUPLICATE_METHOD_MATCH = YES;
				COPY_PHASE_STRIP = NO;
				DEBUG_INFORMATION_FORMAT = dwarf;
				ENABLE_STRICT_OBJC_MSGSEND = YES;
				ENABLE_TESTABILITY = YES;
				GCC_C_LANGUAGE_STANDARD = gnu11;
				GCC_DYNAMIC_NO_PIC = NO;
				GCC_NO_COMMON_BLOCKS = YES;
				GCC_OPTIMIZATION_LEVEL = 0;
				GCC_PREPROCESSOR_DEFINITIONS = (
					"DEBUG=1",
					"$(inherited)",
				);
				GCC_WARN_64_TO_32_BIT_CONVERSION = YES;
				GCC_WARN_ABOUT_RETURN_TYPE = YES_ERROR;
				GCC_WARN_UNDECLARED_SELECTOR = YES;
				GCC_WARN_UNINITIALIZED_AUTOS = YES_AGGRESSIVE;
				GCC_WARN_UNUSED_FUNCTION = YES;
				GCC_WARN_UNUSED_VARIABLE = YES;
				IPHONEOS_DEPLOYMENT_TARGET = 16.2;
				MTL_ENABLE_DEBUG_INFO = INCLUDE_SOURCE;
				MTL_FAST_MATH = YES;
				ONLY_ACTIVE_ARCH = YES;
				SDKROOT = iphoneos;
				SWIFT_ACTIVE_COMPILATION_CONDITIONS = DEBUG;
				SWIFT_OPTIMIZATION_LEVEL = "-Onone";
			};
			name = Debug;
		};
		FF834E3C29E64F430099ADF2 /* Release */ = {
			isa = XCBuildConfiguration;
			buildSettings = {
				ALWAYS_SEARCH_USER_PATHS = NO;
				CLANG_ANALYZER_NONNULL = YES;
				CLANG_ANALYZER_NUMBER_OBJECT_CONVERSION = YES_AGGRESSIVE;
				CLANG_CXX_LANGUAGE_STANDARD = "gnu++20";
				CLANG_ENABLE_MODULES = YES;
				CLANG_ENABLE_OBJC_ARC = YES;
				CLANG_ENABLE_OBJC_WEAK = YES;
				CLANG_WARN_BLOCK_CAPTURE_AUTORELEASING = YES;
				CLANG_WARN_BOOL_CONVERSION = YES;
				CLANG_WARN_COMMA = YES;
				CLANG_WARN_CONSTANT_CONVERSION = YES;
				CLANG_WARN_DEPRECATED_OBJC_IMPLEMENTATIONS = YES;
				CLANG_WARN_DIRECT_OBJC_ISA_USAGE = YES_ERROR;
				CLANG_WARN_DOCUMENTATION_COMMENTS = YES;
				CLANG_WARN_EMPTY_BODY = YES;
				CLANG_WARN_ENUM_CONVERSION = YES;
				CLANG_WARN_INFINITE_RECURSION = YES;
				CLANG_WARN_INT_CONVERSION = YES;
				CLANG_WARN_NON_LITERAL_NULL_CONVERSION = YES;
				CLANG_WARN_OBJC_IMPLICIT_RETAIN_SELF = YES;
				CLANG_WARN_OBJC_LITERAL_CONVERSION = YES;
				CLANG_WARN_OBJC_ROOT_CLASS = YES_ERROR;
				CLANG_WARN_QUOTED_INCLUDE_IN_FRAMEWORK_HEADER = YES;
				CLANG_WARN_RANGE_LOOP_ANALYSIS = YES;
				CLANG_WARN_STRICT_PROTOTYPES = YES;
				CLANG_WARN_SUSPICIOUS_MOVE = YES;
				CLANG_WARN_UNGUARDED_AVAILABILITY = YES_AGGRESSIVE;
				CLANG_WARN_UNREACHABLE_CODE = YES;
				CLANG_WARN__DUPLICATE_METHOD_MATCH = YES;
				COPY_PHASE_STRIP = NO;
				DEBUG_INFORMATION_FORMAT = "dwarf-with-dsym";
				ENABLE_NS_ASSERTIONS = NO;
				ENABLE_STRICT_OBJC_MSGSEND = YES;
				GCC_C_LANGUAGE_STANDARD = gnu11;
				GCC_NO_COMMON_BLOCKS = YES;
				GCC_WARN_64_TO_32_BIT_CONVERSION = YES;
				GCC_WARN_ABOUT_RETURN_TYPE = YES_ERROR;
				GCC_WARN_UNDECLARED_SELECTOR = YES;
				GCC_WARN_UNINITIALIZED_AUTOS = YES_AGGRESSIVE;
				GCC_WARN_UNUSED_FUNCTION = YES;
				GCC_WARN_UNUSED_VARIABLE = YES;
				IPHONEOS_DEPLOYMENT_TARGET = 16.2;
				MTL_ENABLE_DEBUG_INFO = NO;
				MTL_FAST_MATH = YES;
				SDKROOT = iphoneos;
				SWIFT_COMPILATION_MODE = wholemodule;
				SWIFT_OPTIMIZATION_LEVEL = "-O";
				VALIDATE_PRODUCT = YES;
			};
			name = Release;
		};
		FF834E3E29E64F430099ADF2 /* Debug */ = {
			isa = XCBuildConfiguration;
			buildSettings = {
				ASSETCATALOG_COMPILER_APPICON_NAME = AppIcon;
				ASSETCATALOG_COMPILER_GLOBAL_ACCENT_COLOR_NAME = AccentColor;
				CODE_SIGN_IDENTITY = "Apple Development";
				CODE_SIGN_STYLE = Automatic;
				CURRENT_PROJECT_VERSION = 1;
				DEVELOPMENT_TEAM = DGUQZ567FN;
				GENERATE_INFOPLIST_FILE = YES;
				INFOPLIST_FILE = PeekPop/Info.plist;
				INFOPLIST_KEY_UIApplicationSupportsIndirectInputEvents = YES;
				INFOPLIST_KEY_UILaunchStoryboardName = LaunchScreen;
				INFOPLIST_KEY_UIMainStoryboardFile = Main;
				INFOPLIST_KEY_UISupportedInterfaceOrientations_iPad = "UIInterfaceOrientationPortrait UIInterfaceOrientationPortraitUpsideDown UIInterfaceOrientationLandscapeLeft UIInterfaceOrientationLandscapeRight";
				INFOPLIST_KEY_UISupportedInterfaceOrientations_iPhone = "UIInterfaceOrientationPortrait UIInterfaceOrientationLandscapeLeft UIInterfaceOrientationLandscapeRight";
				IPHONEOS_DEPLOYMENT_TARGET = 11.4;
				LD_RUNPATH_SEARCH_PATHS = (
					"$(inherited)",
					"@executable_path/Frameworks",
				);
				MARKETING_VERSION = 1.0;
				PRODUCT_BUNDLE_IDENTIFIER = com.hungcv8.PeekPop;
				PRODUCT_NAME = "$(TARGET_NAME)";
				PROVISIONING_PROFILE_SPECIFIER = "";
				SWIFT_EMIT_LOC_STRINGS = YES;
				SWIFT_VERSION = 5.0;
				TARGETED_DEVICE_FAMILY = "1,2";
			};
			name = Debug;
		};
		FF834E3F29E64F430099ADF2 /* Release */ = {
			isa = XCBuildConfiguration;
			buildSettings = {
				ASSETCATALOG_COMPILER_APPICON_NAME = AppIcon;
				ASSETCATALOG_COMPILER_GLOBAL_ACCENT_COLOR_NAME = AccentColor;
				CODE_SIGN_IDENTITY = "Apple Development";
				CODE_SIGN_STYLE = Automatic;
				CURRENT_PROJECT_VERSION = 1;
				DEVELOPMENT_TEAM = DGUQZ567FN;
				GENERATE_INFOPLIST_FILE = YES;
				INFOPLIST_FILE = PeekPop/Info.plist;
				INFOPLIST_KEY_UIApplicationSupportsIndirectInputEvents = YES;
				INFOPLIST_KEY_UILaunchStoryboardName = LaunchScreen;
				INFOPLIST_KEY_UIMainStoryboardFile = Main;
				INFOPLIST_KEY_UISupportedInterfaceOrientations_iPad = "UIInterfaceOrientationPortrait UIInterfaceOrientationPortraitUpsideDown UIInterfaceOrientationLandscapeLeft UIInterfaceOrientationLandscapeRight";
				INFOPLIST_KEY_UISupportedInterfaceOrientations_iPhone = "UIInterfaceOrientationPortrait UIInterfaceOrientationLandscapeLeft UIInterfaceOrientationLandscapeRight";
				IPHONEOS_DEPLOYMENT_TARGET = 11.4;
				LD_RUNPATH_SEARCH_PATHS = (
					"$(inherited)",
					"@executable_path/Frameworks",
				);
				MARKETING_VERSION = 1.0;
				PRODUCT_BUNDLE_IDENTIFIER = com.hungcv8.PeekPop;
				PRODUCT_NAME = "$(TARGET_NAME)";
				PROVISIONING_PROFILE_SPECIFIER = "";
				SWIFT_EMIT_LOC_STRINGS = YES;
				SWIFT_VERSION = 5.0;
				TARGETED_DEVICE_FAMILY = "1,2";
			};
			name = Release;
		};
/* End XCBuildConfiguration section */

/* Begin XCConfigurationList section */
		FF834E2429E64F420099ADF2 /* Build configuration list for PBXProject "PeekPop" */ = {
			isa = XCConfigurationList;
			buildConfigurations = (
				FF834E3B29E64F430099ADF2 /* Debug */,
				FF834E3C29E64F430099ADF2 /* Release */,
			);
			defaultConfigurationIsVisible = 0;
			defaultConfigurationName = Release;
		};
		FF834E3D29E64F430099ADF2 /* Build configuration list for PBXNativeTarget "PeekPop" */ = {
			isa = XCConfigurationList;
			buildConfigurations = (
				FF834E3E29E64F430099ADF2 /* Debug */,
				FF834E3F29E64F430099ADF2 /* Release */,
			);
			defaultConfigurationIsVisible = 0;
			defaultConfigurationName = Release;
		};
/* End XCConfigurationList section */
	};
	rootObject = FF834E2129E64F420099ADF2 /* Project object */;
}
